// !$*UTF8*$!
{
	archiveVersion = 1;
	classes = {
	};
	objectVersion = 55;
	objects = {

/* Begin PBXBuildFile section */
		0339A6C2299DF65400A24B92 /* AppDelegate.swift in Sources */ = {isa = PBXBuildFile; fileRef = 0339A6C1299DF65400A24B92 /* AppDelegate.swift */; };
		0339A6C9299DF65400A24B92 /* Main.storyboard in Resources */ = {isa = PBXBuildFile; fileRef = 0339A6C7299DF65400A24B92 /* Main.storyboard */; };
		0339A6CB299DF65700A24B92 /* Assets.xcassets in Resources */ = {isa = PBXBuildFile; fileRef = 0339A6CA299DF65700A24B92 /* Assets.xcassets */; };
		0339A6CE299DF65700A24B92 /* LaunchScreen.storyboard in Resources */ = {isa = PBXBuildFile; fileRef = 0339A6CC299DF65700A24B92 /* LaunchScreen.storyboard */; };
		03BA157F29CC0CEA00C71562 /* DebugOptionModel.swift in Sources */ = {isa = PBXBuildFile; fileRef = 03BA157E29CC0CEA00C71562 /* DebugOptionModel.swift */; };
		03BA158129CC0E4900C71562 /* DebugOptionCell.swift in Sources */ = {isa = PBXBuildFile; fileRef = 03BA158029CC0E4900C71562 /* DebugOptionCell.swift */; };
		03BA158329CC0F0F00C71562 /* String+Extension.swift in Sources */ = {isa = PBXBuildFile; fileRef = 03BA158229CC0F0F00C71562 /* String+Extension.swift */; };
		03BA158529CC16CC00C71562 /* UICollectionViewCell+Extension.swift in Sources */ = {isa = PBXBuildFile; fileRef = 03BA158429CC16CC00C71562 /* UICollectionViewCell+Extension.swift */; };
		03C830A729CC2D3A00A2D1FD /* Contant.swift in Sources */ = {isa = PBXBuildFile; fileRef = 03C830A629CC2D3A00A2D1FD /* Contant.swift */; };
		03D2626E29CACA9600E26913 /* UIView+Extension.swift in Sources */ = {isa = PBXBuildFile; fileRef = 03D2626D29CACA9600E26913 /* UIView+Extension.swift */; };
		03DC31A929A88D8600E2E09C /* LoadRealityFile.swift in Sources */ = {isa = PBXBuildFile; fileRef = 03DC31A829A88D8600E2E09C /* LoadRealityFile.swift */; };
		03DC31AB29A8D80800E2E09C /* SolarSystemVc.swift in Sources */ = {isa = PBXBuildFile; fileRef = 03DC31AA29A8D80800E2E09C /* SolarSystemVc.swift */; };
		03DF6C7329A76677002C2065 /* TestObjectVc.swift in Sources */ = {isa = PBXBuildFile; fileRef = 03DF6C7229A76677002C2065 /* TestObjectVc.swift */; };
		03DF6C7629A789E1002C2065 /* WelcomeVc.swift in Sources */ = {isa = PBXBuildFile; fileRef = 03DF6C7529A789E1002C2065 /* WelcomeVc.swift */; };
		03DF6C7A29A79086002C2065 /* CustomAlertManager.swift in Sources */ = {isa = PBXBuildFile; fileRef = 03DF6C7929A79086002C2065 /* CustomAlertManager.swift */; };
		03EA54FF29A628400013A95A /* Experience.rcproject in Sources */ = {isa = PBXBuildFile; fileRef = 03EA54FE29A628400013A95A /* Experience.rcproject */; };
		03F5590E29C9E07900A83F09 /* AppMessages.swift in Sources */ = {isa = PBXBuildFile; fileRef = 03F5590D29C9E07900A83F09 /* AppMessages.swift */; };
		03F5591129C9E89A00A83F09 /* UIViewController+Extension.swift in Sources */ = {isa = PBXBuildFile; fileRef = 03F5591029C9E89A00A83F09 /* UIViewController+Extension.swift */; };
/* End PBXBuildFile section */

/* Begin PBXFileReference section */
		0339A6BE299DF65400A24B92 /* AmanRealityKitDemo.app */ = {isa = PBXFileReference; explicitFileType = wrapper.application; includeInIndex = 0; path = AmanRealityKitDemo.app; sourceTree = BUILT_PRODUCTS_DIR; };
		0339A6C1299DF65400A24B92 /* AppDelegate.swift */ = {isa = PBXFileReference; lastKnownFileType = sourcecode.swift; path = AppDelegate.swift; sourceTree = "<group>"; };
		0339A6C8299DF65400A24B92 /* Base */ = {isa = PBXFileReference; lastKnownFileType = file.storyboard; name = Base; path = Base.lproj/Main.storyboard; sourceTree = "<group>"; };
		0339A6CA299DF65700A24B92 /* Assets.xcassets */ = {isa = PBXFileReference; lastKnownFileType = folder.assetcatalog; path = Assets.xcassets; sourceTree = "<group>"; };
		0339A6CD299DF65700A24B92 /* Base */ = {isa = PBXFileReference; lastKnownFileType = file.storyboard; name = Base; path = Base.lproj/LaunchScreen.storyboard; sourceTree = "<group>"; };
		03BA157E29CC0CEA00C71562 /* DebugOptionModel.swift */ = {isa = PBXFileReference; lastKnownFileType = sourcecode.swift; path = DebugOptionModel.swift; sourceTree = "<group>"; };
		03BA158029CC0E4900C71562 /* DebugOptionCell.swift */ = {isa = PBXFileReference; lastKnownFileType = sourcecode.swift; path = DebugOptionCell.swift; sourceTree = "<group>"; };
		03BA158229CC0F0F00C71562 /* String+Extension.swift */ = {isa = PBXFileReference; lastKnownFileType = sourcecode.swift; path = "String+Extension.swift"; sourceTree = "<group>"; };
		03BA158429CC16CC00C71562 /* UICollectionViewCell+Extension.swift */ = {isa = PBXFileReference; lastKnownFileType = sourcecode.swift; path = "UICollectionViewCell+Extension.swift"; sourceTree = "<group>"; };
		03C830A629CC2D3A00A2D1FD /* Contant.swift */ = {isa = PBXFileReference; lastKnownFileType = sourcecode.swift; path = Contant.swift; sourceTree = "<group>"; };
		03D2626D29CACA9600E26913 /* UIView+Extension.swift */ = {isa = PBXFileReference; lastKnownFileType = sourcecode.swift; path = "UIView+Extension.swift"; sourceTree = "<group>"; };
		03DC31A829A88D8600E2E09C /* LoadRealityFile.swift */ = {isa = PBXFileReference; lastKnownFileType = sourcecode.swift; path = LoadRealityFile.swift; sourceTree = "<group>"; };
		03DC31AA29A8D80800E2E09C /* SolarSystemVc.swift */ = {isa = PBXFileReference; lastKnownFileType = sourcecode.swift; path = SolarSystemVc.swift; sourceTree = "<group>"; };
		03DF6C7229A76677002C2065 /* TestObjectVc.swift */ = {isa = PBXFileReference; lastKnownFileType = sourcecode.swift; path = TestObjectVc.swift; sourceTree = "<group>"; };
		03DF6C7529A789E1002C2065 /* WelcomeVc.swift */ = {isa = PBXFileReference; lastKnownFileType = sourcecode.swift; path = WelcomeVc.swift; sourceTree = "<group>"; };
		03DF6C7929A79086002C2065 /* CustomAlertManager.swift */ = {isa = PBXFileReference; lastKnownFileType = sourcecode.swift; path = CustomAlertManager.swift; sourceTree = "<group>"; };
		03EA54FE29A628400013A95A /* Experience.rcproject */ = {isa = PBXFileReference; lastKnownFileType = file.rcproject; path = Experience.rcproject; sourceTree = "<group>"; };
		03F5590D29C9E07900A83F09 /* AppMessages.swift */ = {isa = PBXFileReference; lastKnownFileType = sourcecode.swift; path = AppMessages.swift; sourceTree = "<group>"; };
		03F5591029C9E89A00A83F09 /* UIViewController+Extension.swift */ = {isa = PBXFileReference; lastKnownFileType = sourcecode.swift; path = "UIViewController+Extension.swift"; sourceTree = "<group>"; };
/* End PBXFileReference section */

/* Begin PBXFrameworksBuildPhase section */
		0339A6BB299DF65400A24B92 /* Frameworks */ = {
			isa = PBXFrameworksBuildPhase;
			buildActionMask = 2147483647;
			files = (
			);
			runOnlyForDeploymentPostprocessing = 0;
		};
/* End PBXFrameworksBuildPhase section */

/* Begin PBXGroup section */
		0339A6B5299DF65400A24B92 = {
			isa = PBXGroup;
			children = (
				0339A6C0299DF65400A24B92 /* AmanRealityKitDemo */,
				0339A6BF299DF65400A24B92 /* Products */,
			);
			sourceTree = "<group>";
		};
		0339A6BF299DF65400A24B92 /* Products */ = {
			isa = PBXGroup;
			children = (
				0339A6BE299DF65400A24B92 /* AmanRealityKitDemo.app */,
			);
			name = Products;
			sourceTree = "<group>";
		};
		0339A6C0299DF65400A24B92 /* AmanRealityKitDemo */ = {
			isa = PBXGroup;
			children = (
				03F5590F29C9E88800A83F09 /* Extensions */,
				03DF6C7729A79063002C2065 /* OtherClassess */,
				03EA54FE29A628400013A95A /* Experience.rcproject */,
				0339A6D5299DF7A400A24B92 /* AppDelegate */,
				0339A6D6299DF7AD00A24B92 /* Storyboard */,
				0339A6D4299DF79C00A24B92 /* Views */,
				0339A6CA299DF65700A24B92 /* Assets.xcassets */,
			);
			path = AmanRealityKitDemo;
			sourceTree = "<group>";
		};
		0339A6D4299DF79C00A24B92 /* Views */ = {
			isa = PBXGroup;
			children = (
				03DF6C7429A789CD002C2065 /* Welcome */,
				03DF6C7129A7665C002C2065 /* TestObjects */,
				03DF6C7029A76463002C2065 /* SolarSystem */,
			);
			path = Views;
			sourceTree = "<group>";
		};
		0339A6D5299DF7A400A24B92 /* AppDelegate */ = {
			isa = PBXGroup;
			children = (
				0339A6C1299DF65400A24B92 /* AppDelegate.swift */,
			);
			path = AppDelegate;
			sourceTree = "<group>";
		};
		0339A6D6299DF7AD00A24B92 /* Storyboard */ = {
			isa = PBXGroup;
			children = (
				0339A6C7299DF65400A24B92 /* Main.storyboard */,
				0339A6CC299DF65700A24B92 /* LaunchScreen.storyboard */,
			);
			path = Storyboard;
			sourceTree = "<group>";
		};
		03DC31A729A88D6E00E2E09C /* LoadCustomReality */ = {
			isa = PBXGroup;
			children = (
				03DC31A829A88D8600E2E09C /* LoadRealityFile.swift */,
			);
			path = LoadCustomReality;
			sourceTree = "<group>";
		};
		03DF6C7029A76463002C2065 /* SolarSystem */ = {
			isa = PBXGroup;
			children = (
				03DC31AA29A8D80800E2E09C /* SolarSystemVc.swift */,
				03BA157E29CC0CEA00C71562 /* DebugOptionModel.swift */,
				03BA158029CC0E4900C71562 /* DebugOptionCell.swift */,
			);
			path = SolarSystem;
			sourceTree = "<group>";
		};
		03DF6C7129A7665C002C2065 /* TestObjects */ = {
			isa = PBXGroup;
			children = (
				03DF6C7229A76677002C2065 /* TestObjectVc.swift */,
			);
			path = TestObjects;
			sourceTree = "<group>";
		};
		03DF6C7429A789CD002C2065 /* Welcome */ = {
			isa = PBXGroup;
			children = (
				03DF6C7529A789E1002C2065 /* WelcomeVc.swift */,
			);
			path = Welcome;
			sourceTree = "<group>";
		};
		03DF6C7729A79063002C2065 /* OtherClassess */ = {
			isa = PBXGroup;
			children = (
				03DC31A729A88D6E00E2E09C /* LoadCustomReality */,
				03DF6C7829A79067002C2065 /* AlertManager */,
				03F5590D29C9E07900A83F09 /* AppMessages.swift */,
				03C830A629CC2D3A00A2D1FD /* Contant.swift */,
			);
			path = OtherClassess;
			sourceTree = "<group>";
		};
		03DF6C7829A79067002C2065 /* AlertManager */ = {
			isa = PBXGroup;
			children = (
				03DF6C7929A79086002C2065 /* CustomAlertManager.swift */,
			);
			path = AlertManager;
			sourceTree = "<group>";
		};
		03F5590F29C9E88800A83F09 /* Extensions */ = {
			isa = PBXGroup;
			children = (
				03F5591029C9E89A00A83F09 /* UIViewController+Extension.swift */,
				03D2626D29CACA9600E26913 /* UIView+Extension.swift */,
				03BA158229CC0F0F00C71562 /* String+Extension.swift */,
				03BA158429CC16CC00C71562 /* UICollectionViewCell+Extension.swift */,
			);
			path = Extensions;
			sourceTree = "<group>";
		};
/* End PBXGroup section */

/* Begin PBXNativeTarget section */
		0339A6BD299DF65400A24B92 /* AmanRealityKitDemo */ = {
			isa = PBXNativeTarget;
			buildConfigurationList = 0339A6D1299DF65700A24B92 /* Build configuration list for PBXNativeTarget "AmanRealityKitDemo" */;
			buildPhases = (
				0339A6BA299DF65400A24B92 /* Sources */,
				0339A6BB299DF65400A24B92 /* Frameworks */,
				0339A6BC299DF65400A24B92 /* Resources */,
			);
			buildRules = (
			);
			dependencies = (
			);
			name = AmanRealityKitDemo;
			productName = AmanRealityKitDemo;
			productReference = 0339A6BE299DF65400A24B92 /* AmanRealityKitDemo.app */;
			productType = "com.apple.product-type.application";
		};
/* End PBXNativeTarget section */

/* Begin PBXProject section */
		0339A6B6299DF65400A24B92 /* Project object */ = {
			isa = PBXProject;
			attributes = {
				BuildIndependentTargetsInParallel = 1;
				LastSwiftUpdateCheck = 1340;
				LastUpgradeCheck = 1340;
				TargetAttributes = {
					0339A6BD299DF65400A24B92 = {
						CreatedOnToolsVersion = 13.4.1;
					};
				};
			};
			buildConfigurationList = 0339A6B9299DF65400A24B92 /* Build configuration list for PBXProject "AmanRealityKitDemo" */;
			compatibilityVersion = "Xcode 13.0";
			developmentRegion = en;
			hasScannedForEncodings = 0;
			knownRegions = (
				en,
				Base,
			);
			mainGroup = 0339A6B5299DF65400A24B92;
			productRefGroup = 0339A6BF299DF65400A24B92 /* Products */;
			projectDirPath = "";
			projectRoot = "";
			targets = (
				0339A6BD299DF65400A24B92 /* AmanRealityKitDemo */,
			);
		};
/* End PBXProject section */

/* Begin PBXResourcesBuildPhase section */
		0339A6BC299DF65400A24B92 /* Resources */ = {
			isa = PBXResourcesBuildPhase;
			buildActionMask = 2147483647;
			files = (
				0339A6CE299DF65700A24B92 /* LaunchScreen.storyboard in Resources */,
				0339A6CB299DF65700A24B92 /* Assets.xcassets in Resources */,
				0339A6C9299DF65400A24B92 /* Main.storyboard in Resources */,
			);
			runOnlyForDeploymentPostprocessing = 0;
		};
/* End PBXResourcesBuildPhase section */

/* Begin PBXSourcesBuildPhase section */
		0339A6BA299DF65400A24B92 /* Sources */ = {
			isa = PBXSourcesBuildPhase;
			buildActionMask = 2147483647;
			files = (
				03BA157F29CC0CEA00C71562 /* DebugOptionModel.swift in Sources */,
				03F5591129C9E89A00A83F09 /* UIViewController+Extension.swift in Sources */,
				03DF6C7629A789E1002C2065 /* WelcomeVc.swift in Sources */,
				03DF6C7329A76677002C2065 /* TestObjectVc.swift in Sources */,
				03BA158129CC0E4900C71562 /* DebugOptionCell.swift in Sources */,
				03DC31A929A88D8600E2E09C /* LoadRealityFile.swift in Sources */,
				03C830A729CC2D3A00A2D1FD /* Contant.swift in Sources */,
				03BA158329CC0F0F00C71562 /* String+Extension.swift in Sources */,
				03DF6C7A29A79086002C2065 /* CustomAlertManager.swift in Sources */,
				03BA158529CC16CC00C71562 /* UICollectionViewCell+Extension.swift in Sources */,
				03DC31AB29A8D80800E2E09C /* SolarSystemVc.swift in Sources */,
				03F5590E29C9E07900A83F09 /* AppMessages.swift in Sources */,
				0339A6C2299DF65400A24B92 /* AppDelegate.swift in Sources */,
				03D2626E29CACA9600E26913 /* UIView+Extension.swift in Sources */,
				03EA54FF29A628400013A95A /* Experience.rcproject in Sources */,
			);
			runOnlyForDeploymentPostprocessing = 0;
		};
/* End PBXSourcesBuildPhase section */

/* Begin PBXVariantGroup section */
		0339A6C7299DF65400A24B92 /* Main.storyboard */ = {
			isa = PBXVariantGroup;
			children = (
				0339A6C8299DF65400A24B92 /* Base */,
			);
			name = Main.storyboard;
			sourceTree = "<group>";
		};
		0339A6CC299DF65700A24B92 /* LaunchScreen.storyboard */ = {
			isa = PBXVariantGroup;
			children = (
				0339A6CD299DF65700A24B92 /* Base */,
			);
			name = LaunchScreen.storyboard;
			sourceTree = "<group>";
		};
/* End PBXVariantGroup section */

/* Begin XCBuildConfiguration section */
		0339A6CF299DF65700A24B92 /* Debug */ = {
			isa = XCBuildConfiguration;
			buildSettings = {
				ALWAYS_SEARCH_USER_PATHS = NO;
				CLANG_ANALYZER_NONNULL = YES;
				CLANG_ANALYZER_NUMBER_OBJECT_CONVERSION = YES_AGGRESSIVE;
				CLANG_CXX_LANGUAGE_STANDARD = "gnu++17";
				CLANG_ENABLE_MODULES = YES;
				CLANG_ENABLE_OBJC_ARC = YES;
				CLANG_ENABLE_OBJC_WEAK = YES;
				CLANG_WARN_BLOCK_CAPTURE_AUTORELEASING = YES;
				CLANG_WARN_BOOL_CONVERSION = YES;
				CLANG_WARN_COMMA = YES;
				CLANG_WARN_CONSTANT_CONVERSION = YES;
				CLANG_WARN_DEPRECATED_OBJC_IMPLEMENTATIONS = YES;
				CLANG_WARN_DIRECT_OBJC_ISA_USAGE = YES_ERROR;
				CLANG_WARN_DOCUMENTATION_COMMENTS = YES;
				CLANG_WARN_EMPTY_BODY = YES;
				CLANG_WARN_ENUM_CONVERSION = YES;
				CLANG_WARN_INFINITE_RECURSION = YES;
				CLANG_WARN_INT_CONVERSION = YES;
				CLANG_WARN_NON_LITERAL_NULL_CONVERSION = YES;
				CLANG_WARN_OBJC_IMPLICIT_RETAIN_SELF = YES;
				CLANG_WARN_OBJC_LITERAL_CONVERSION = YES;
				CLANG_WARN_OBJC_ROOT_CLASS = YES_ERROR;
				CLANG_WARN_QUOTED_INCLUDE_IN_FRAMEWORK_HEADER = YES;
				CLANG_WARN_RANGE_LOOP_ANALYSIS = YES;
				CLANG_WARN_STRICT_PROTOTYPES = YES;
				CLANG_WARN_SUSPICIOUS_MOVE = YES;
				CLANG_WARN_UNGUARDED_AVAILABILITY = YES_AGGRESSIVE;
				CLANG_WARN_UNREACHABLE_CODE = YES;
				CLANG_WARN__DUPLICATE_METHOD_MATCH = YES;
				COPY_PHASE_STRIP = NO;
				DEBUG_INFORMATION_FORMAT = dwarf;
				ENABLE_STRICT_OBJC_MSGSEND = YES;
				ENABLE_TESTABILITY = YES;
				GCC_C_LANGUAGE_STANDARD = gnu11;
				GCC_DYNAMIC_NO_PIC = NO;
				GCC_NO_COMMON_BLOCKS = YES;
				GCC_OPTIMIZATION_LEVEL = 0;
				GCC_PREPROCESSOR_DEFINITIONS = (
					"DEBUG=1",
					"$(inherited)",
				);
				GCC_WARN_64_TO_32_BIT_CONVERSION = YES;
				GCC_WARN_ABOUT_RETURN_TYPE = YES_ERROR;
				GCC_WARN_UNDECLARED_SELECTOR = YES;
				GCC_WARN_UNINITIALIZED_AUTOS = YES_AGGRESSIVE;
				GCC_WARN_UNUSED_FUNCTION = YES;
				GCC_WARN_UNUSED_VARIABLE = YES;
				IPHONEOS_DEPLOYMENT_TARGET = 14.0;
				MTL_ENABLE_DEBUG_INFO = INCLUDE_SOURCE;
				MTL_FAST_MATH = YES;
				ONLY_ACTIVE_ARCH = YES;
				SDKROOT = iphoneos;
				SWIFT_ACTIVE_COMPILATION_CONDITIONS = DEBUG;
				SWIFT_OPTIMIZATION_LEVEL = "-Onone";
			};
			name = Debug;
		};
		0339A6D0299DF65700A24B92 /* Release */ = {
			isa = XCBuildConfiguration;
			buildSettings = {
				ALWAYS_SEARCH_USER_PATHS = NO;
				CLANG_ANALYZER_NONNULL = YES;
				CLANG_ANALYZER_NUMBER_OBJECT_CONVERSION = YES_AGGRESSIVE;
				CLANG_CXX_LANGUAGE_STANDARD = "gnu++17";
				CLANG_ENABLE_MODULES = YES;
				CLANG_ENABLE_OBJC_ARC = YES;
				CLANG_ENABLE_OBJC_WEAK = YES;
				CLANG_WARN_BLOCK_CAPTURE_AUTORELEASING = YES;
				CLANG_WARN_BOOL_CONVERSION = YES;
				CLANG_WARN_COMMA = YES;
				CLANG_WARN_CONSTANT_CONVERSION = YES;
				CLANG_WARN_DEPRECATED_OBJC_IMPLEMENTATIONS = YES;
				CLANG_WARN_DIRECT_OBJC_ISA_USAGE = YES_ERROR;
				CLANG_WARN_DOCUMENTATION_COMMENTS = YES;
				CLANG_WARN_EMPTY_BODY = YES;
				CLANG_WARN_ENUM_CONVERSION = YES;
				CLANG_WARN_INFINITE_RECURSION = YES;
				CLANG_WARN_INT_CONVERSION = YES;
				CLANG_WARN_NON_LITERAL_NULL_CONVERSION = YES;
				CLANG_WARN_OBJC_IMPLICIT_RETAIN_SELF = YES;
				CLANG_WARN_OBJC_LITERAL_CONVERSION = YES;
				CLANG_WARN_OBJC_ROOT_CLASS = YES_ERROR;
				CLANG_WARN_QUOTED_INCLUDE_IN_FRAMEWORK_HEADER = YES;
				CLANG_WARN_RANGE_LOOP_ANALYSIS = YES;
				CLANG_WARN_STRICT_PROTOTYPES = YES;
				CLANG_WARN_SUSPICIOUS_MOVE = YES;
				CLANG_WARN_UNGUARDED_AVAILABILITY = YES_AGGRESSIVE;
				CLANG_WARN_UNREACHABLE_CODE = YES;
				CLANG_WARN__DUPLICATE_METHOD_MATCH = YES;
				COPY_PHASE_STRIP = NO;
				DEBUG_INFORMATION_FORMAT = "dwarf-with-dsym";
				ENABLE_NS_ASSERTIONS = NO;
				ENABLE_STRICT_OBJC_MSGSEND = YES;
				GCC_C_LANGUAGE_STANDARD = gnu11;
				GCC_NO_COMMON_BLOCKS = YES;
				GCC_WARN_64_TO_32_BIT_CONVERSION = YES;
				GCC_WARN_ABOUT_RETURN_TYPE = YES_ERROR;
				GCC_WARN_UNDECLARED_SELECTOR = YES;
				GCC_WARN_UNINITIALIZED_AUTOS = YES_AGGRESSIVE;
				GCC_WARN_UNUSED_FUNCTION = YES;
				GCC_WARN_UNUSED_VARIABLE = YES;
				IPHONEOS_DEPLOYMENT_TARGET = 14.0;
				MTL_ENABLE_DEBUG_INFO = NO;
				MTL_FAST_MATH = YES;
				SDKROOT = iphoneos;
				SWIFT_COMPILATION_MODE = wholemodule;
				SWIFT_OPTIMIZATION_LEVEL = "-O";
				VALIDATE_PRODUCT = YES;
			};
			name = Release;
		};
		0339A6D2299DF65700A24B92 /* Debug */ = {
			isa = XCBuildConfiguration;
			buildSettings = {
				ASSETCATALOG_COMPILER_APPICON_NAME = AppIcon;
				ASSETCATALOG_COMPILER_GLOBAL_ACCENT_COLOR_NAME = AccentColor;
				CODE_SIGN_IDENTITY = "iPhone Developer";
				CODE_SIGN_STYLE = Manual;
				CURRENT_PROJECT_VERSION = 1;
				DEVELOPMENT_TEAM = R4FB79X8BS;
				GENERATE_INFOPLIST_FILE = YES;
				INFOPLIST_KEY_NSCameraUsageDescription = "Camera permission is required to enable AR experience";
				INFOPLIST_KEY_UIApplicationSupportsIndirectInputEvents = YES;
				INFOPLIST_KEY_UILaunchStoryboardName = LaunchScreen;
				INFOPLIST_KEY_UIMainStoryboardFile = Main;
				INFOPLIST_KEY_UIRequiredDeviceCapabilities = arkit;
				INFOPLIST_KEY_UIStatusBarHidden = YES;
				INFOPLIST_KEY_UISupportedInterfaceOrientations_iPhone = UIInterfaceOrientationPortrait;
				LD_RUNPATH_SEARCH_PATHS = (
					"$(inherited)",
					"@executable_path/Frameworks",
				);
				MARKETING_VERSION = 1.0;
				PRODUCT_BUNDLE_IDENTIFIER = "com.yudiz.rn.-";
				PRODUCT_NAME = "$(TARGET_NAME)";
				PROVISIONING_PROFILE_SPECIFIER = RN_Yudiz_Wildcard;
				SWIFT_EMIT_LOC_STRINGS = YES;
				SWIFT_VERSION = 5.0;
				TARGETED_DEVICE_FAMILY = 1;
			};
			name = Debug;
		};
		0339A6D3299DF65700A24B92 /* Release */ = {
			isa = XCBuildConfiguration;
			buildSettings = {
				ASSETCATALOG_COMPILER_APPICON_NAME = AppIcon;
				ASSETCATALOG_COMPILER_GLOBAL_ACCENT_COLOR_NAME = AccentColor;
				CODE_SIGN_IDENTITY = "iPhone Developer";
				CODE_SIGN_STYLE = Manual;
				CURRENT_PROJECT_VERSION = 1;
				DEVELOPMENT_TEAM = R4FB79X8BS;
				GENERATE_INFOPLIST_FILE = YES;
				INFOPLIST_KEY_NSCameraUsageDescription = "Camera permission is required to enable AR experience";
				INFOPLIST_KEY_UIApplicationSupportsIndirectInputEvents = YES;
				INFOPLIST_KEY_UILaunchStoryboardName = LaunchScreen;
				INFOPLIST_KEY_UIMainStoryboardFile = Main;
				INFOPLIST_KEY_UIRequiredDeviceCapabilities = arkit;
				INFOPLIST_KEY_UIStatusBarHidden = YES;
				INFOPLIST_KEY_UISupportedInterfaceOrientations_iPhone = UIInterfaceOrientationPortrait;
				LD_RUNPATH_SEARCH_PATHS = (
					"$(inherited)",
					"@executable_path/Frameworks",
				);
				MARKETING_VERSION = 1.0;
				PRODUCT_BUNDLE_IDENTIFIER = "com.yudiz.rn.-";
				PRODUCT_NAME = "$(TARGET_NAME)";
				PROVISIONING_PROFILE_SPECIFIER = RN_Yudiz_Wildcard;
				SWIFT_EMIT_LOC_STRINGS = YES;
				SWIFT_VERSION = 5.0;
				TARGETED_DEVICE_FAMILY = 1;
			};
			name = Release;
		};
/* End XCBuildConfiguration section */

/* Begin XCConfigurationList section */
		0339A6B9299DF65400A24B92 /* Build configuration list for PBXProject "AmanRealityKitDemo" */ = {
			isa = XCConfigurationList;
			buildConfigurations = (
				0339A6CF299DF65700A24B92 /* Debug */,
				0339A6D0299DF65700A24B92 /* Release */,
			);
			defaultConfigurationIsVisible = 0;
			defaultConfigurationName = Release;
		};
		0339A6D1299DF65700A24B92 /* Build configuration list for PBXNativeTarget "AmanRealityKitDemo" */ = {
			isa = XCConfigurationList;
			buildConfigurations = (
				0339A6D2299DF65700A24B92 /* Debug */,
				0339A6D3299DF65700A24B92 /* Release */,
			);
			defaultConfigurationIsVisible = 0;
			defaultConfigurationName = Release;
		};
/* End XCConfigurationList section */
	};
	rootObject = 0339A6B6299DF65400A24B92 /* Project object */;
}
